
Microsoft Visual Studio Solution File, Format Version 12.00
# Visual Studio Version 16
VisualStudioVersion = 16.0.30225.117
MinimumVisualStudioVersion = 10.0.40219.1
Project("{FAE04EC0-301F-11D3-BF4B-00C04F79EFBC}") = "P01DefineAnInterfaceIPerson", "P01DefineAnInterfaceIPerson\P01DefineAnInterfaceIPerson.csproj", "{70F1D45F-68BF-41FC-B1BB-CD78E42F3E84}"
EndProject
Project("{FAE04EC0-301F-11D3-BF4B-00C04F79EFBC}") = "P02MultipleImplementation", "P02MultipleImplementation\P02MultipleImplementation.csproj", "{45777D77-54FD-48EE-B1E6-20E2ADAE53EF}"
EndProject
Project("{FAE04EC0-301F-11D3-BF4B-00C04F79EFBC}") = "P03Telephony", "P03Telephony\P03Telephony.csproj", "{656FF763-FC6B-4647-969A-824A16F7BB10}"
EndProject
Project("{FAE04EC0-301F-11D3-BF4B-00C04F79EFBC}") = "P04BorderControl", "P04BorderControl\P04BorderControl.csproj", "{61D9B7F2-EE2C-44C8-8D8D-432A24463933}"
EndProject
Project("{FAE04EC0-301F-11D3-BF4B-00C04F79EFBC}") = "P05BirthdayCelebrations", "P05BirthdayCelebrations\P05BirthdayCelebrations.csproj", "{DED55BE6-8C13-49E3-A157-CD81DE6A91CA}"
EndProject
Global
	GlobalSection(SolutionConfigurationPlatforms) = preSolution
		Debug|Any CPU = Debug|Any CPU
		Release|Any CPU = Release|Any CPU
	EndGlobalSection
	GlobalSection(ProjectConfigurationPlatforms) = postSolution
		{70F1D45F-68BF-41FC-B1BB-CD78E42F3E84}.Debug|Any CPU.ActiveCfg = Debug|Any CPU
		{70F1D45F-68BF-41FC-B1BB-CD78E42F3E84}.Debug|Any CPU.Build.0 = Debug|Any CPU
		{70F1D45F-68BF-41FC-B1BB-CD78E42F3E84}.Release|Any CPU.ActiveCfg = Release|Any CPU
		{70F1D45F-68BF-41FC-B1BB-CD78E42F3E84}.Release|Any CPU.Build.0 = Release|Any CPU
		{45777D77-54FD-48EE-B1E6-20E2ADAE53EF}.Debug|Any CPU.ActiveCfg = Debug|Any CPU
		{45777D77-54FD-48EE-B1E6-20E2ADAE53EF}.Debug|Any CPU.Build.0 = Debug|Any CPU
		{45777D77-54FD-48EE-B1E6-20E2ADAE53EF}.Release|Any CPU.ActiveCfg = Release|Any CPU
		{45777D77-54FD-48EE-B1E6-20E2ADAE53EF}.Release|Any CPU.Build.0 = Release|Any CPU
		{656FF763-FC6B-4647-969A-824A16F7BB10}.Debug|Any CPU.ActiveCfg = Debug|Any CPU
		{656FF763-FC6B-4647-969A-824A16F7BB10}.Debug|Any CPU.Build.0 = Debug|Any CPU
		{656FF763-FC6B-4647-969A-824A16F7BB10}.Release|Any CPU.ActiveCfg = Release|Any CPU
		{656FF763-FC6B-4647-969A-824A16F7BB10}.Release|Any CPU.Build.0 = Release|Any CPU
		{61D9B7F2-EE2C-44C8-8D8D-432A24463933}.Debug|Any CPU.ActiveCfg = Debug|Any CPU
		{61D9B7F2-EE2C-44C8-8D8D-432A24463933}.Debug|Any CPU.Build.0 = Debug|Any CPU
		{61D9B7F2-EE2C-44C8-8D8D-432A24463933}.Release|Any CPU.ActiveCfg = Release|Any CPU
		{61D9B7F2-EE2C-44C8-8D8D-432A24463933}.Release|Any CPU.Build.0 = Release|Any CPU
		{DED55BE6-8C13-49E3-A157-CD81DE6A91CA}.Debug|Any CPU.ActiveCfg = Debug|Any CPU
		{DED55BE6-8C13-49E3-A157-CD81DE6A91CA}.Debug|Any CPU.Build.0 = Debug|Any CPU
		{DED55BE6-8C13-49E3-A157-CD81DE6A91CA}.Release|Any CPU.ActiveCfg = Release|Any CPU
		{DED55BE6-8C13-49E3-A157-CD81DE6A91CA}.Release|Any CPU.Build.0 = Release|Any CPU
	EndGlobalSection
	GlobalSection(SolutionProperties) = preSolution
		HideSolutionNode = FALSE
	EndGlobalSection
	GlobalSection(ExtensibilityGlobals) = postSolution
		SolutionGuid = {B010FA87-7379-4D2E-A38F-4E99DAF30356}
	EndGlobalSection
EndGlobal
