
Microsoft Visual Studio Solution File, Format Version 12.00
# Visual Studio Version 16
VisualStudioVersion = 16.0.30225.117
MinimumVisualStudioVersion = 10.0.40219.1
Project("{9A19103F-16F7-4668-BE54-9A1E7A4F7556}") = "01. Number Pyramid", "01. Number Pyramid\01. Number Pyramid.csproj", "{5F53AAB8-ECEB-456D-8F81-360E1DDF541F}"
EndProject
Project("{9A19103F-16F7-4668-BE54-9A1E7A4F7556}") = "02. Equal Sums Even Odd Position", "02. Equal Sums Even Odd Position\02. Equal Sums Even Odd Position.csproj", "{2A6B789C-7A09-4541-AF00-C2558E6F4B61}"
EndProject
Project("{9A19103F-16F7-4668-BE54-9A1E7A4F7556}") = "03. Sum Prime Non Prime", "03. Sum Prime Non Prime\03. Sum Prime Non Prime.csproj", "{B3431797-93E4-4341-9CE3-7591A4817A92}"
EndProject
Project("{9A19103F-16F7-4668-BE54-9A1E7A4F7556}") = "04. Train The Trainers", "04. Train The Trainers\04. Train The Trainers.csproj", "{2237CFA0-9FDC-45E9-80F5-297D4D715EF0}"
EndProject
Project("{9A19103F-16F7-4668-BE54-9A1E7A4F7556}") = "05. Password Generator", "05. Password Generator\05. Password Generator.csproj", "{14EA3D30-C615-4B3D-B1CA-391A41BA878C}"
EndProject
Project("{FAE04EC0-301F-11D3-BF4B-00C04F79EFBC}") = "06. Special Numbers", "06. Special Numbers\06. Special Numbers.csproj", "{D509F126-D66E-4D76-9B24-15CAA60607A6}"
EndProject
Global
	GlobalSection(SolutionConfigurationPlatforms) = preSolution
		Debug|Any CPU = Debug|Any CPU
		Release|Any CPU = Release|Any CPU
	EndGlobalSection
	GlobalSection(ProjectConfigurationPlatforms) = postSolution
		{5F53AAB8-ECEB-456D-8F81-360E1DDF541F}.Debug|Any CPU.ActiveCfg = Debug|Any CPU
		{5F53AAB8-ECEB-456D-8F81-360E1DDF541F}.Debug|Any CPU.Build.0 = Debug|Any CPU
		{5F53AAB8-ECEB-456D-8F81-360E1DDF541F}.Release|Any CPU.ActiveCfg = Release|Any CPU
		{5F53AAB8-ECEB-456D-8F81-360E1DDF541F}.Release|Any CPU.Build.0 = Release|Any CPU
		{2A6B789C-7A09-4541-AF00-C2558E6F4B61}.Debug|Any CPU.ActiveCfg = Debug|Any CPU
		{2A6B789C-7A09-4541-AF00-C2558E6F4B61}.Debug|Any CPU.Build.0 = Debug|Any CPU
		{2A6B789C-7A09-4541-AF00-C2558E6F4B61}.Release|Any CPU.ActiveCfg = Release|Any CPU
		{2A6B789C-7A09-4541-AF00-C2558E6F4B61}.Release|Any CPU.Build.0 = Release|Any CPU
		{B3431797-93E4-4341-9CE3-7591A4817A92}.Debug|Any CPU.ActiveCfg = Debug|Any CPU
		{B3431797-93E4-4341-9CE3-7591A4817A92}.Debug|Any CPU.Build.0 = Debug|Any CPU
		{B3431797-93E4-4341-9CE3-7591A4817A92}.Release|Any CPU.ActiveCfg = Release|Any CPU
		{B3431797-93E4-4341-9CE3-7591A4817A92}.Release|Any CPU.Build.0 = Release|Any CPU
		{2237CFA0-9FDC-45E9-80F5-297D4D715EF0}.Debug|Any CPU.ActiveCfg = Debug|Any CPU
		{2237CFA0-9FDC-45E9-80F5-297D4D715EF0}.Debug|Any CPU.Build.0 = Debug|Any CPU
		{2237CFA0-9FDC-45E9-80F5-297D4D715EF0}.Release|Any CPU.ActiveCfg = Release|Any CPU
		{2237CFA0-9FDC-45E9-80F5-297D4D715EF0}.Release|Any CPU.Build.0 = Release|Any CPU
		{14EA3D30-C615-4B3D-B1CA-391A41BA878C}.Debug|Any CPU.ActiveCfg = Debug|Any CPU
		{14EA3D30-C615-4B3D-B1CA-391A41BA878C}.Debug|Any CPU.Build.0 = Debug|Any CPU
		{14EA3D30-C615-4B3D-B1CA-391A41BA878C}.Release|Any CPU.ActiveCfg = Release|Any CPU
		{14EA3D30-C615-4B3D-B1CA-391A41BA878C}.Release|Any CPU.Build.0 = Release|Any CPU
		{D509F126-D66E-4D76-9B24-15CAA60607A6}.Debug|Any CPU.ActiveCfg = Debug|Any CPU
		{D509F126-D66E-4D76-9B24-15CAA60607A6}.Debug|Any CPU.Build.0 = Debug|Any CPU
		{D509F126-D66E-4D76-9B24-15CAA60607A6}.Release|Any CPU.ActiveCfg = Release|Any CPU
		{D509F126-D66E-4D76-9B24-15CAA60607A6}.Release|Any CPU.Build.0 = Release|Any CPU
	EndGlobalSection
	GlobalSection(SolutionProperties) = preSolution
		HideSolutionNode = FALSE
	EndGlobalSection
	GlobalSection(ExtensibilityGlobals) = postSolution
		SolutionGuid = {6ADB09FD-19CC-4279-9383-34928EBE9024}
	EndGlobalSection
EndGlobal
