
Microsoft Visual Studio Solution File, Format Version 12.00
# Visual Studio Version 17
VisualStudioVersion = 17.0.31912.275
MinimumVisualStudioVersion = 10.0.40219.1
Project("{FAE04EC0-301F-11D3-BF4B-00C04F79EFBC}") = "P01Train", "P01Train\P01Train.csproj", "{758AC909-9FCC-429B-A6F2-0646F34ED62B}"
EndProject
Global
	GlobalSection(SolutionConfigurationPlatforms) = preSolution
		Debug|Any CPU = Debug|Any CPU
		Release|Any CPU = Release|Any CPU
	EndGlobalSection
	GlobalSection(ProjectConfigurationPlatforms) = postSolution
		{758AC909-9FCC-429B-A6F2-0646F34ED62B}.Debug|Any CPU.ActiveCfg = Debug|Any CPU
		{758AC909-9FCC-429B-A6F2-0646F34ED62B}.Debug|Any CPU.Build.0 = Debug|Any CPU
		{758AC909-9FCC-429B-A6F2-0646F34ED62B}.Release|Any CPU.ActiveCfg = Release|Any CPU
		{758AC909-9FCC-429B-A6F2-0646F34ED62B}.Release|Any CPU.Build.0 = Release|Any CPU
	EndGlobalSection
	GlobalSection(SolutionProperties) = preSolution
		HideSolutionNode = FALSE
	EndGlobalSection
	GlobalSection(ExtensibilityGlobals) = postSolution
		SolutionGuid = {6DB50C36-FB11-48A4-BDFB-0FB6C897511F}
	EndGlobalSection
EndGlobal
