
Microsoft Visual Studio Solution File, Format Version 12.00
# Visual Studio Version 16
VisualStudioVersion = 16.0.30225.117
MinimumVisualStudioVersion = 10.0.40219.1
Project("{9A19103F-16F7-4668-BE54-9A1E7A4F7556}") = "P01Vehicles", "P01Vehicles\P01Vehicles.csproj", "{4C241E34-2938-4E53-9F99-5FBAF972C523}"
EndProject
Project("{9A19103F-16F7-4668-BE54-9A1E7A4F7556}") = "P02VehiclesExtension", "P02VehiclesExtension\P02VehiclesExtension.csproj", "{8688953F-734E-462B-9CC2-236009B894AD}"
EndProject
Project("{9A19103F-16F7-4668-BE54-9A1E7A4F7556}") = "P03Raiding", "P03Raiding\P03Raiding.csproj", "{3BF21CA2-41E9-4AA7-B27F-4D87D19082E3}"
EndProject
Project("{FAE04EC0-301F-11D3-BF4B-00C04F79EFBC}") = "P04Wild Farm", "P04Wild Farm\P04Wild Farm.csproj", "{FC6C4CCE-0AEB-4865-87D9-22D2007C34D1}"
EndProject
Global
	GlobalSection(SolutionConfigurationPlatforms) = preSolution
		Debug|Any CPU = Debug|Any CPU
		Release|Any CPU = Release|Any CPU
	EndGlobalSection
	GlobalSection(ProjectConfigurationPlatforms) = postSolution
		{4C241E34-2938-4E53-9F99-5FBAF972C523}.Debug|Any CPU.ActiveCfg = Debug|Any CPU
		{4C241E34-2938-4E53-9F99-5FBAF972C523}.Debug|Any CPU.Build.0 = Debug|Any CPU
		{4C241E34-2938-4E53-9F99-5FBAF972C523}.Release|Any CPU.ActiveCfg = Release|Any CPU
		{4C241E34-2938-4E53-9F99-5FBAF972C523}.Release|Any CPU.Build.0 = Release|Any CPU
		{8688953F-734E-462B-9CC2-236009B894AD}.Debug|Any CPU.ActiveCfg = Debug|Any CPU
		{8688953F-734E-462B-9CC2-236009B894AD}.Debug|Any CPU.Build.0 = Debug|Any CPU
		{8688953F-734E-462B-9CC2-236009B894AD}.Release|Any CPU.ActiveCfg = Release|Any CPU
		{8688953F-734E-462B-9CC2-236009B894AD}.Release|Any CPU.Build.0 = Release|Any CPU
		{3BF21CA2-41E9-4AA7-B27F-4D87D19082E3}.Debug|Any CPU.ActiveCfg = Debug|Any CPU
		{3BF21CA2-41E9-4AA7-B27F-4D87D19082E3}.Debug|Any CPU.Build.0 = Debug|Any CPU
		{3BF21CA2-41E9-4AA7-B27F-4D87D19082E3}.Release|Any CPU.ActiveCfg = Release|Any CPU
		{3BF21CA2-41E9-4AA7-B27F-4D87D19082E3}.Release|Any CPU.Build.0 = Release|Any CPU
		{FC6C4CCE-0AEB-4865-87D9-22D2007C34D1}.Debug|Any CPU.ActiveCfg = Debug|Any CPU
		{FC6C4CCE-0AEB-4865-87D9-22D2007C34D1}.Debug|Any CPU.Build.0 = Debug|Any CPU
		{FC6C4CCE-0AEB-4865-87D9-22D2007C34D1}.Release|Any CPU.ActiveCfg = Release|Any CPU
		{FC6C4CCE-0AEB-4865-87D9-22D2007C34D1}.Release|Any CPU.Build.0 = Release|Any CPU
	EndGlobalSection
	GlobalSection(SolutionProperties) = preSolution
		HideSolutionNode = FALSE
	EndGlobalSection
	GlobalSection(ExtensibilityGlobals) = postSolution
		SolutionGuid = {FDA27173-FFBD-482C-B800-501BA838AE8C}
	EndGlobalSection
EndGlobal
