
Microsoft Visual Studio Solution File, Format Version 12.00
# Visual Studio Version 16
VisualStudioVersion = 16.0.30225.117
MinimumVisualStudioVersion = 10.0.40219.1
Project("{9A19103F-16F7-4668-BE54-9A1E7A4F7556}") = "01. Sort Even Numbers", "01. Sort Even Numbers\01. Sort Even Numbers.csproj", "{66D7A09B-B56E-46B1-8933-D7F503C46134}"
EndProject
Project("{9A19103F-16F7-4668-BE54-9A1E7A4F7556}") = "02. Sum Numbers", "02. Sum Numbers\02. Sum Numbers.csproj", "{F94405CF-61DB-43C7-B644-FD7972A73E07}"
EndProject
Project("{9A19103F-16F7-4668-BE54-9A1E7A4F7556}") = "03. Count Uppercase Words", "03. Count Uppercase Words\03. Count Uppercase Words.csproj", "{5793ADAE-5BE8-45DB-9BFD-0667E213707F}"
EndProject
Project("{9A19103F-16F7-4668-BE54-9A1E7A4F7556}") = "04. Add VAT", "04. Add VAT\04. Add VAT.csproj", "{2118DFB6-22F8-44BE-99BE-5CABBD7651E6}"
EndProject
Project("{FAE04EC0-301F-11D3-BF4B-00C04F79EFBC}") = "5.Filter By Age", "5.Filter By Age\5.Filter By Age.csproj", "{9A91DA06-5AF3-4574-9AA5-B73551485CD0}"
EndProject
Global
	GlobalSection(SolutionConfigurationPlatforms) = preSolution
		Debug|Any CPU = Debug|Any CPU
		Release|Any CPU = Release|Any CPU
	EndGlobalSection
	GlobalSection(ProjectConfigurationPlatforms) = postSolution
		{66D7A09B-B56E-46B1-8933-D7F503C46134}.Debug|Any CPU.ActiveCfg = Debug|Any CPU
		{66D7A09B-B56E-46B1-8933-D7F503C46134}.Debug|Any CPU.Build.0 = Debug|Any CPU
		{66D7A09B-B56E-46B1-8933-D7F503C46134}.Release|Any CPU.ActiveCfg = Release|Any CPU
		{66D7A09B-B56E-46B1-8933-D7F503C46134}.Release|Any CPU.Build.0 = Release|Any CPU
		{F94405CF-61DB-43C7-B644-FD7972A73E07}.Debug|Any CPU.ActiveCfg = Debug|Any CPU
		{F94405CF-61DB-43C7-B644-FD7972A73E07}.Debug|Any CPU.Build.0 = Debug|Any CPU
		{F94405CF-61DB-43C7-B644-FD7972A73E07}.Release|Any CPU.ActiveCfg = Release|Any CPU
		{F94405CF-61DB-43C7-B644-FD7972A73E07}.Release|Any CPU.Build.0 = Release|Any CPU
		{5793ADAE-5BE8-45DB-9BFD-0667E213707F}.Debug|Any CPU.ActiveCfg = Debug|Any CPU
		{5793ADAE-5BE8-45DB-9BFD-0667E213707F}.Debug|Any CPU.Build.0 = Debug|Any CPU
		{5793ADAE-5BE8-45DB-9BFD-0667E213707F}.Release|Any CPU.ActiveCfg = Release|Any CPU
		{5793ADAE-5BE8-45DB-9BFD-0667E213707F}.Release|Any CPU.Build.0 = Release|Any CPU
		{2118DFB6-22F8-44BE-99BE-5CABBD7651E6}.Debug|Any CPU.ActiveCfg = Debug|Any CPU
		{2118DFB6-22F8-44BE-99BE-5CABBD7651E6}.Debug|Any CPU.Build.0 = Debug|Any CPU
		{2118DFB6-22F8-44BE-99BE-5CABBD7651E6}.Release|Any CPU.ActiveCfg = Release|Any CPU
		{2118DFB6-22F8-44BE-99BE-5CABBD7651E6}.Release|Any CPU.Build.0 = Release|Any CPU
		{9A91DA06-5AF3-4574-9AA5-B73551485CD0}.Debug|Any CPU.ActiveCfg = Debug|Any CPU
		{9A91DA06-5AF3-4574-9AA5-B73551485CD0}.Debug|Any CPU.Build.0 = Debug|Any CPU
		{9A91DA06-5AF3-4574-9AA5-B73551485CD0}.Release|Any CPU.ActiveCfg = Release|Any CPU
		{9A91DA06-5AF3-4574-9AA5-B73551485CD0}.Release|Any CPU.Build.0 = Release|Any CPU
	EndGlobalSection
	GlobalSection(SolutionProperties) = preSolution
		HideSolutionNode = FALSE
	EndGlobalSection
	GlobalSection(ExtensibilityGlobals) = postSolution
		SolutionGuid = {3B09730E-2336-43EA-B06E-539669A012A9}
	EndGlobalSection
EndGlobal
